
Microsoft Visual Studio Solution File, Format Version 12.00
# Visual Studio Version 16
VisualStudioVersion = 16.0.29503.13
MinimumVisualStudioVersion = 10.0.40219.1
Project("{9A19103F-16F7-4668-BE54-9A1E7A4F7556}") = "BlazorDapperSPA", "BlazorDapperSPA\BlazorDapperSPA.csproj", "{B673A8CF-98D6-4568-8211-86A17329D333}"
EndProject
Global
	GlobalSection(SolutionConfigurationPlatforms) = preSolution
		Debug|Any CPU = Debug|Any CPU
		Release|Any CPU = Release|Any CPU
	EndGlobalSection
	GlobalSection(ProjectConfigurationPlatforms) = postSolution
		{B673A8CF-98D6-4568-8211-86A17329D333}.Debug|Any CPU.ActiveCfg = Debug|Any CPU
		{B673A8CF-98D6-4568-8211-86A17329D333}.Debug|Any CPU.Build.0 = Debug|Any CPU
		{B673A8CF-98D6-4568-8211-86A17329D333}.Release|Any CPU.ActiveCfg = Release|Any CPU
		{B673A8CF-98D6-4568-8211-86A17329D333}.Release|Any CPU.Build.0 = Release|Any CPU
	EndGlobalSection
	GlobalSection(SolutionProperties) = preSolution
		HideSolutionNode = FALSE
	EndGlobalSection
	GlobalSection(ExtensibilityGlobals) = postSolution
		SolutionGuid = {A0D7424D-3547-4C20-BFA1-4A94C414ED71}
	EndGlobalSection
EndGlobal
